
Microsoft Visual Studio Solution File, Format Version 12.00
# Visual Studio Version 17
VisualStudioVersion = 17.14.36202.13 d17.14
MinimumVisualStudioVersion = 10.0.40219.1
Project("{FAE04EC0-301F-11D3-BF4B-00C04F79EFBC}") = "CPB.Backend", "CPB.Backend\CPB.Backend.csproj", "{D38CD228-3614-48EC-B133-C22FE0D4AB56}"
EndProject
Global
	GlobalSection(SolutionConfigurationPlatforms) = preSolution
		Debug|Any CPU = Debug|Any CPU
		Release|Any CPU = Release|Any CPU
	EndGlobalSection
	GlobalSection(ProjectConfigurationPlatforms) = postSolution
		{D38CD228-3614-48EC-B133-C22FE0D4AB56}.Debug|Any CPU.ActiveCfg = Debug|Any CPU
		{D38CD228-3614-48EC-B133-C22FE0D4AB56}.Debug|Any CPU.Build.0 = Debug|Any CPU
		{D38CD228-3614-48EC-B133-C22FE0D4AB56}.Release|Any CPU.ActiveCfg = Release|Any CPU
		{D38CD228-3614-48EC-B133-C22FE0D4AB56}.Release|Any CPU.Build.0 = Release|Any CPU
	EndGlobalSection
	GlobalSection(SolutionProperties) = preSolution
		HideSolutionNode = FALSE
	EndGlobalSection
	GlobalSection(ExtensibilityGlobals) = postSolution
		SolutionGuid = {21FC2397-B0B1-497E-9855-35D6B994A03C}
	EndGlobalSection
EndGlobal
